hash: aa19fd034546b621c9e0895a9c1dc2f44b119726b29ba052802cc43eebdf08cc
updated: 2016-10-20T21:42:53.840061181+02:00
imports:
- name: github.com/asdine/storm
  version: 36c52107490ea458d6f6060b466c8044ad31ec31
  subpackages:
  - codec
  - codec/json
  - codec/protobuf
  - index
  - internal
  - q
- name: github.com/boltdb/bolt
  version: 583e8937c61f1af6513608ccc75c97b6abdf4ff9
- name: github.com/emirpasic/gods
  version: ec46b0116df083cba218abbf72522c6d0c065e4e
  subpackages:
  - containers
  - trees
  - trees/redblacktree
  - utils
- name: github.com/ghodss/yaml
  version: bea76d6a4713e18b7f5321a2b020738552def3ea
- name: github.com/golang/protobuf
  version: 98fa357170587e470c5f27d3c3ea0947b71eb455
  subpackages:
  - proto
- name: github.com/inconshreveable/mousetrap
  version: 76626ae9c91c4f2a10f34cad8ce83ea42c93bb75
- name: github.com/pkg/errors
  version: 17b591df37844cde689f4d5813e5cea0927d8dd2
- name: github.com/spf13/cobra
  version: 856b96dcb49d6427babe192998a35190a12c2230
- name: github.com/spf13/pflag
  version: dabebe21bf790f782ea4c7bbd2efc430de182afd
- name: golang.org/x/net
  version: daba796358cd2742b75aae05761f1b898c9f6a5c
  subpackages:
  - context
  - http2
  - http2/hpack
  - idna
  - internal/timeseries
  - lex/httplex
  - trace
- name: golang.org/x/sys
  version: 002cbb5f952456d0c50e0d2aff17ea5eca716979
  subpackages:
  - unix
- name: google.golang.org/grpc
  version: b7f1379d3cbbbeb2ca3405852012e237aa05459e
  subpackages:
  - codes
  - credentials
  - grpclog
  - internal
  - metadata
  - naming
  - peer
  - transport
- name: gopkg.in/tylerb/graceful.v1
  version: 50a48b6e73fcc75b45e22c05b79629a67c79e938
- name: gopkg.in/yaml.v2
  version: a5b47d31c556af34a302ce5d659e6fea44d90de0
testImports:
- name: github.com/davecgh/go-spew
  version: 6d212800a42e8ab5c146b8ace3490ee17e5225f9
  subpackages:
  - spew
- name: github.com/pmezard/go-difflib
  version: 792786c7400a136282c1664665ae0a8db921c6c2
  subpackages:
  - difflib
- name: github.com/stretchr/testify
  version: 69483b4bd14f5845b5a1e55bca19e954e827f1d0
  subpackages:
  - assert
  - require
